
Microsoft Visual Studio Solution File, Format Version 12.00
# Visual Studio Version 17
VisualStudioVersion = 17.5.33424.131
MinimumVisualStudioVersion = 10.0.40219.1
Project("{FAE04EC0-301F-11D3-BF4B-00C04F79EFBC}") = "baitap2_bien_hang", "baitap2_bien_hang.csproj", "{7BD44537-9F02-44CD-87BF-68C9EC331F38}"
EndProject
Project("{FAE04EC0-301F-11D3-BF4B-00C04F79EFBC}") = "bai1", "..\bai1\bai1.csproj", "{9A69BDF1-03AA-44A3-AD80-541A561E964D}"
EndProject
Project("{FAE04EC0-301F-11D3-BF4B-00C04F79EFBC}") = "bai2", "..\bai2\bai2.csproj", "{B71F69BD-82A4-403E-997B-E95A1EA51DA4}"
EndProject
Project("{FAE04EC0-301F-11D3-BF4B-00C04F79EFBC}") = "bai3", "..\bai3\bai3.csproj", "{557579AD-2BBA-48DA-AC6F-C91639A6CD72}"
EndProject
Project("{FAE04EC0-301F-11D3-BF4B-00C04F79EFBC}") = "bai5", "..\bai5\bai5.csproj", "{9B64F7C5-5186-40F2-B052-31A4B927F495}"
EndProject
Project("{FAE04EC0-301F-11D3-BF4B-00C04F79EFBC}") = "bai6", "..\bai6\bai6.csproj", "{D7555D4A-6BF2-44AD-9EA4-BD0410BCF206}"
EndProject
Project("{FAE04EC0-301F-11D3-BF4B-00C04F79EFBC}") = "bai4", "..\bai4\bai4.csproj", "{EBC61584-B8AC-4883-B116-FFC0B43FA36D}"
EndProject
Global
	GlobalSection(SolutionConfigurationPlatforms) = preSolution
		Debug|Any CPU = Debug|Any CPU
		Release|Any CPU = Release|Any CPU
	EndGlobalSection
	GlobalSection(ProjectConfigurationPlatforms) = postSolution
		{7BD44537-9F02-44CD-87BF-68C9EC331F38}.Debug|Any CPU.ActiveCfg = Debug|Any CPU
		{7BD44537-9F02-44CD-87BF-68C9EC331F38}.Debug|Any CPU.Build.0 = Debug|Any CPU
		{7BD44537-9F02-44CD-87BF-68C9EC331F38}.Release|Any CPU.ActiveCfg = Release|Any CPU
		{7BD44537-9F02-44CD-87BF-68C9EC331F38}.Release|Any CPU.Build.0 = Release|Any CPU
		{9A69BDF1-03AA-44A3-AD80-541A561E964D}.Debug|Any CPU.ActiveCfg = Debug|Any CPU
		{9A69BDF1-03AA-44A3-AD80-541A561E964D}.Debug|Any CPU.Build.0 = Debug|Any CPU
		{9A69BDF1-03AA-44A3-AD80-541A561E964D}.Release|Any CPU.ActiveCfg = Release|Any CPU
		{9A69BDF1-03AA-44A3-AD80-541A561E964D}.Release|Any CPU.Build.0 = Release|Any CPU
		{B71F69BD-82A4-403E-997B-E95A1EA51DA4}.Debug|Any CPU.ActiveCfg = Debug|Any CPU
		{B71F69BD-82A4-403E-997B-E95A1EA51DA4}.Debug|Any CPU.Build.0 = Debug|Any CPU
		{B71F69BD-82A4-403E-997B-E95A1EA51DA4}.Release|Any CPU.ActiveCfg = Release|Any CPU
		{B71F69BD-82A4-403E-997B-E95A1EA51DA4}.Release|Any CPU.Build.0 = Release|Any CPU
		{557579AD-2BBA-48DA-AC6F-C91639A6CD72}.Debug|Any CPU.ActiveCfg = Debug|Any CPU
		{557579AD-2BBA-48DA-AC6F-C91639A6CD72}.Debug|Any CPU.Build.0 = Debug|Any CPU
		{557579AD-2BBA-48DA-AC6F-C91639A6CD72}.Release|Any CPU.ActiveCfg = Release|Any CPU
		{557579AD-2BBA-48DA-AC6F-C91639A6CD72}.Release|Any CPU.Build.0 = Release|Any CPU
		{9B64F7C5-5186-40F2-B052-31A4B927F495}.Debug|Any CPU.ActiveCfg = Debug|Any CPU
		{9B64F7C5-5186-40F2-B052-31A4B927F495}.Debug|Any CPU.Build.0 = Debug|Any CPU
		{9B64F7C5-5186-40F2-B052-31A4B927F495}.Release|Any CPU.ActiveCfg = Release|Any CPU
		{9B64F7C5-5186-40F2-B052-31A4B927F495}.Release|Any CPU.Build.0 = Release|Any CPU
		{D7555D4A-6BF2-44AD-9EA4-BD0410BCF206}.Debug|Any CPU.ActiveCfg = Debug|Any CPU
		{D7555D4A-6BF2-44AD-9EA4-BD0410BCF206}.Debug|Any CPU.Build.0 = Debug|Any CPU
		{D7555D4A-6BF2-44AD-9EA4-BD0410BCF206}.Release|Any CPU.ActiveCfg = Release|Any CPU
		{D7555D4A-6BF2-44AD-9EA4-BD0410BCF206}.Release|Any CPU.Build.0 = Release|Any CPU
		{EBC61584-B8AC-4883-B116-FFC0B43FA36D}.Debug|Any CPU.ActiveCfg = Debug|Any CPU
		{EBC61584-B8AC-4883-B116-FFC0B43FA36D}.Debug|Any CPU.Build.0 = Debug|Any CPU
		{EBC61584-B8AC-4883-B116-FFC0B43FA36D}.Release|Any CPU.ActiveCfg = Release|Any CPU
		{EBC61584-B8AC-4883-B116-FFC0B43FA36D}.Release|Any CPU.Build.0 = Release|Any CPU
	EndGlobalSection
	GlobalSection(SolutionProperties) = preSolution
		HideSolutionNode = FALSE
	EndGlobalSection
	GlobalSection(ExtensibilityGlobals) = postSolution
		SolutionGuid = {D75E8812-81C2-4EDF-8F1E-F3892CF89613}
	EndGlobalSection
EndGlobal
